<?xml version="1.0" encoding="utf-8"?>
<Project ToolsVersion="4.0" xmlns="http://schemas.microsoft.com/developer/msbuild/2003">
  <ItemGroup>
    <Filter Include="Source Files">
      <UniqueIdentifier>{4FC737F1-C7A5-4376-A066-2A32D752A2FF}</UniqueIdentifier>
      <Extensions>cpp;c;cc;cxx;c++;cppm;ixx;def;odl;idl;hpj;bat;asm;asmx</Extensions>
    </Filter>
    <Filter Include="Header Files">
      <UniqueIdentifier>{93995380-89BD-4b04-88EB-625FBE52EBFB}</UniqueIdentifier>
      <Extensions>h;hh;hpp;hxx;h++;hm;inl;inc;ipp;xsd</Extensions>
    </Filter>
    <Filter Include="Resource Files">
      <UniqueIdentifier>{67DA6AB6-F800-4c08-8B7A-83BB121AAD01}</UniqueIdentifier>
      <Extensions>rc;ico;cur;bmp;dlg;rc2;rct;bin;rgs;gif;jpg;jpeg;jpe;resx;tiff;tif;png;wav;mfcribbon-ms</Extensions>
    </Filter>
    <Filter Include="Source Files\Arithmetic">
      <UniqueIdentifier>{320635bf-a967-47af-82c8-281c8a3a507b}</UniqueIdentifier>
    </Filter>
    <Filter Include="Source Files\general">
      <UniqueIdentifier>{99ebaf78-adce-475d-9319-3d83cdbad2a9}</UniqueIdentifier>
    </Filter>
    <Filter Include="Source Files\mathsystem">
      <UniqueIdentifier>{8175aeae-3db3-4c65-8a9b-470a7c7c367d}</UniqueIdentifier>
    </Filter>
    <Filter Include="Source Files\Arithmetic\Int128">
      <UniqueIdentifier>{ab75bf95-8569-44be-aec1-978c6110f217}</UniqueIdentifier>
    </Filter>
  </ItemGroup>
  <ItemGroup>
    <ClCompile Include="main.c">
      <Filter>Source Files</Filter>
    </ClCompile>
    <ClCompile Include="number.c">
      <Filter>Source Files\Arithmetic</Filter>
    </ClCompile>
    <ClCompile Include="scalar.c">
      <Filter>Source Files\Arithmetic</Filter>
    </ClCompile>
    <ClCompile Include="function.c">
      <Filter>Source Files\mathsystem</Filter>
    </ClCompile>
    <ClCompile Include="Int128.c">
      <Filter>Source Files\Arithmetic\Int128</Filter>
    </ClCompile>
    <ClCompile Include="general.c">
      <Filter>Source Files\general</Filter>
    </ClCompile>
  </ItemGroup>
  <ItemGroup>
    <ClInclude Include="number.h">
      <Filter>Source Files\Arithmetic</Filter>
    </ClInclude>
    <ClInclude Include="scalar.h">
      <Filter>Source Files\Arithmetic</Filter>
    </ClInclude>
    <ClInclude Include="Headers.h">
      <Filter>Source Files\general</Filter>
    </ClInclude>
    <ClInclude Include="general.h">
      <Filter>Source Files\general</Filter>
    </ClInclude>
    <ClInclude Include="function.h">
      <Filter>Source Files\mathsystem</Filter>
    </ClInclude>
    <ClInclude Include="Int128.h">
      <Filter>Source Files\Arithmetic\Int128</Filter>
    </ClInclude>
  </ItemGroup>
  <ItemGroup>
    <MASM Include="Int128_asm.asm">
      <Filter>Source Files\Arithmetic\Int128</Filter>
    </MASM>
  </ItemGroup>
</Project>